{
  "nodes": {
    "chaotic-nyx": {
      "inputs": {
        "flake-schemas": [
          "linux-cachyos-lto-v3"
        ],
        "home-manager": [
          "linux-cachyos-lto-v3"
        ],
        "nixpkgs": "nixpkgs"
      },
      "locked": {
        "lastModified": 1790670980,
        "narHash": "sha256-sJBXp4sPVnI960+iZrvKekGglOjgWJz0y+IZOgetuuY=",
        "owner": "chaotic-cx",
        "repo": "nyx",
        "rev": "9e2ba4b2e416c8262eec1bcb8348eef741019b9c",
        "type": "github"
      },
      "original": {
        "owner": "chaotic-cx",
        "ref": "nyxpkgs-unstable",
        "repo": "nyx",
        "type": "github"
      }
    },
    "flake-parts": {
      "inputs": {
        "nixpkgs-lib": [
          "nixpkgs"
        ]
      },
      "locked": {
        "lastModified": 1788450739,
        "narHash": "sha256-glZLQlzIn1fXH6PazR2iUmTo7kzzyYSshrWhLS9TqCU=",
        "owner": "hercules-ci",
        "repo": "flake-parts",
        "rev": "31729ca8cbdb4fa927b34e5f4353e6a83f39e993",
        "type": "github"
      },
      "original": {
        "owner": "hercules-ci",
        "repo": "flake-parts",
        "type": "github"
      }
    },
    "home-manager": {
      "flake": false,
      "locked": {
        "lastModified": 1790819692,
        "narHash": "sha256-rvubAPbh3QCliic3sAK+CXTrPCGgJstY52OTs/5H1J4=",
        "owner": "nix-community",
        "repo": "home-manager",
        "rev": "c8ecc29e5175452bee4a2aa1ba2383856d795338",
        "type": "github"
      },
      "original": {
        "owner": "nix-community",
        "repo": "home-manager",
        "type": "github"
      }
    },
    "import-tree": {
      "flake": false,
      "locked": {
        "lastModified": 1788467110,
        "narHash": "sha256-ljEMTXP/rH0tOvDzc9gzwww6KcHRPRnEHzd9lK48V7s=",
        "owner": "denful",
        "repo": "import-tree",
        "rev": "eb1b52eaecc57f7c136d07ae8a93e724dfecac46",
        "type": "github"
      },
      "original": {
        "owner": "denful",
        "repo": "import-tree",
        "type": "github"
      }
    },
    "jail-nix": {
      "flake": false,
      "locked": {
        "lastModified": 1788928033,
        "narHash": "sha256-UQRytK4SsshV1CeX6aKF+P855Sbcqg9aA731eYTakNg=",
        "owner": "~alexdavid",
        "repo": "jail.nix",
        "rev": "7cd53acef3ad51b9c775be759f5643f8d3bcf6eb",
        "type": "sourcehut"
      },
      "original": {
        "owner": "~alexdavid",
        "repo": "jail.nix",
        "type": "sourcehut"
      }
    },
    "linux-cachyos-lto-v3": {
      "inputs": {
        "chaotic-nyx": "chaotic-nyx",
        "nixpkgs": [
          "linux-cachyos-lto-v3",
          "chaotic-nyx",
          "nixpkgs"
        ]
      },
      "locked": {
        "lastModified": 1790718424,
        "narHash": "sha256-7yzQSXvIn4uahXxIvD/McoEQ+nb2nddJzdk/z6gvVag=",
        "owner": "thou-vow",
        "repo": "linux-cachyos-lto-v3-nix",
        "rev": "da19cec8598dd442a95a47b60651a7253cabc569",
        "type": "github"
      },
      "original": {
        "owner": "thou-vow",
        "repo": "linux-cachyos-lto-v3-nix",
        "type": "github"
      }
    },
    "nix-index-database": {
      "flake": false,
      "locked": {
        "lastModified": 1790499302,
        "narHash": "sha256-Gbf/U9ptJhQh0qnDnJ/+a8MAcq1HXunbArUTHR2wNYk=",
        "owner": "nix-community",
        "repo": "nix-index-database",
        "rev": "161d7c91accd93034bb3c295224d9d895a778573",
        "type": "github"
      },
      "original": {
        "owner": "nix-community",
        "repo": "nix-index-database",
        "type": "github"
      }
    },
    "nix-packages": {
      "inputs": {
        "nixpkgs": "nixpkgs_2"
      },
      "locked": {
        "lastModified": 1790735807,
        "narHash": "sha256-IljQIPvDzS9ZoCi53Clnfd7NTRnzUZOu952fSkEPCEE=",
        "owner": "thou-vow",
        "repo": "nix-packages",
        "rev": "6a54f63212bd8b8d20b237cf43532bf84f8288ff",
        "type": "github"
      },
      "original": {
        "owner": "thou-vow",
        "repo": "nix-packages",
        "type": "github"
      }
    },
    "nixpkgs": {
      "locked": {
        "lastModified": 1790578696,
        "narHash": "sha256-EvoKOTtoIJ7Xflls2Nfo5WDcqjFJB0kuzwOz0nLWs0w=",
        "rev": "7a0f122f5090cf4c2ade2a13a0e229d4e19ba71f",
        "type": "tarball",
        "url": "https://releases.nixos.org/nixos/unstable/nixos-26.11pre1080855.7a0f122f5090/nixexprs.tar.zst"
      },
      "original": {
        "type": "tarball",
        "url": "https://channels.nixos.org/nixos-unstable/nixexprs.tar.zst"
      }
    },
    "nixpkgs_2": {
      "locked": {
        "lastModified": 1790578696,
        "narHash": "sha256-EvoKOTtoIJ7Xflls2Nfo5WDcqjFJB0kuzwOz0nLWs0w=",
        "rev": "7a0f122f5090cf4c2ade2a13a0e229d4e19ba71f",
        "type": "tarball",
        "url": "https://releases.nixos.org/nixos/unstable/nixos-26.11pre1080855.7a0f122f5090/nixexprs.tar.zst"
      },
      "original": {
        "type": "tarball",
        "url": "https://channels.nixos.org/nixos-unstable/nixexprs.tar.zst"
      }
    },
    "preservation": {
      "flake": false,
      "locked": {
        "lastModified": 1757436102,
        "narHash": "sha256-mMI9IanU+Xw+pVogD2oT0I2kTmvz2Un/Apc5+CwUpEY=",
        "owner": "nix-community",
        "repo": "preservation",
        "rev": "93416f4614ad2dfed5b0dcf12f27e57d27a5ab11",
        "type": "github"
      },
      "original": {
        "owner": "nix-community",
        "repo": "preservation",
        "type": "github"
      }
    },
    "root": {
      "inputs": {
        "flake-parts": "flake-parts",
        "home-manager": "home-manager",
        "import-tree": "import-tree",
        "jail-nix": "jail-nix",
        "linux-cachyos-lto-v3": "linux-cachyos-lto-v3",
        "nix-index-database": "nix-index-database",
        "nix-packages": "nix-packages",
        "nixpkgs": [
          "nix-packages",
          "nixpkgs"
        ],
        "preservation": "preservation",
        "treefmt-nix": "treefmt-nix"
      }
    },
    "treefmt-nix": {
      "flake": false,
      "locked": {
        "lastModified": 1786901030,
        "narHash": "sha256-WSFCsDSE5ffgD2MqzkM2CYjeFiKhRF/dJUN8uedb6YE=",
        "owner": "numtide",
        "repo": "treefmt-nix",
        "rev": "27b3b12a8e6375f28ebe122f07d230ca5459bbfa",
        "type": "github"
      },
      "original": {
        "owner": "numtide",
        "repo": "treefmt-nix",
        "type": "github"
      }
    }
  },
  "root": "root",
  "version": 7
}
